// !$*UTF8*$!
{
	archiveVersion = 1;
	classes = {
	};
	objectVersion = 46;
	objects = {

/* Begin PBXBuildFile section */
		0107CCBA17D9344B00BA79AF /* UIKit.framework in Frameworks */ = {isa = PBXBuildFile; fileRef = 0107CCB917D9344B00BA79AF /* UIKit.framework */; };
		0107CCBC17D9344B00BA79AF /* Foundation.framework in Frameworks */ = {isa = PBXBuildFile; fileRef = 0107CCBB17D9344B00BA79AF /* Foundation.framework */; };
		0107CCBE17D9344B00BA79AF /* CoreGraphics.framework in Frameworks */ = {isa = PBXBuildFile; fileRef = 0107CCBD17D9344B00BA79AF /* CoreGraphics.framework */; };
		0107CCC417D9344B00BA79AF /* InfoPlist.strings in Resources */ = {isa = PBXBuildFile; fileRef = 0107CCC217D9344B00BA79AF /* InfoPlist.strings */; };
		0107CCC617D9344B00BA79AF /* main.m in Sources */ = {isa = PBXBuildFile; fileRef = 0107CCC517D9344B00BA79AF /* main.m */; };
		0107CCCA17D9344B00BA79AF /* AppDelegate.m in Sources */ = {isa = PBXBuildFile; fileRef = 0107CCC917D9344B00BA79AF /* AppDelegate.m */; };
		0107CCCC17D9344B00BA79AF /* Default.png in Resources */ = {isa = PBXBuildFile; fileRef = 0107CCCB17D9344B00BA79AF /* Default.png */; };
		0107CCCE17D9344B00BA79AF /* Default@2x.png in Resources */ = {isa = PBXBuildFile; fileRef = 0107CCCD17D9344B00BA79AF /* Default@2x.png */; };
		0107CCD017D9344B00BA79AF /* Default-568h@2x.png in Resources */ = {isa = PBXBuildFile; fileRef = 0107CCCF17D9344B00BA79AF /* Default-568h@2x.png */; };
		0107CCD317D9344B00BA79AF /* LoginViewController.m in Sources */ = {isa = PBXBuildFile; fileRef = 0107CCD217D9344B00BA79AF /* LoginViewController.m */; };
		0107CCE417D9385A00BA79AF /* LovedOne.m in Sources */ = {isa = PBXBuildFile; fileRef = 0107CCE317D9385A00BA79AF /* LovedOne.m */; };
		013C99F517D9453E008F901B /* SplashViewController.m in Sources */ = {isa = PBXBuildFile; fileRef = 013C99F417D9453E008F901B /* SplashViewController.m */; };
		013C99F817D94580008F901B /* WeeklyViewController.m in Sources */ = {isa = PBXBuildFile; fileRef = 013C99F717D94580008F901B /* WeeklyViewController.m */; };
		015491C817DADDC800AC2AB5 /* Pill.m in Sources */ = {isa = PBXBuildFile; fileRef = 015491C717DADDC800AC2AB5 /* Pill.m */; };
		015491CA17DAE4B800AC2AB5 /* Parse.framework in Frameworks */ = {isa = PBXBuildFile; fileRef = 015491C917DAE4B800AC2AB5 /* Parse.framework */; };
		015491CC17DAE4DF00AC2AB5 /* AudioToolbox.framework in Frameworks */ = {isa = PBXBuildFile; fileRef = 015491CB17DAE4DF00AC2AB5 /* AudioToolbox.framework */; };
		015491CE17DAE4E300AC2AB5 /* CFNetwork.framework in Frameworks */ = {isa = PBXBuildFile; fileRef = 015491CD17DAE4E300AC2AB5 /* CFNetwork.framework */; };
		015491D017DAE4F000AC2AB5 /* CoreLocation.framework in Frameworks */ = {isa = PBXBuildFile; fileRef = 015491CF17DAE4F000AC2AB5 /* CoreLocation.framework */; };
		015491D217DAE4F400AC2AB5 /* libz.1.1.3.dylib in Frameworks */ = {isa = PBXBuildFile; fileRef = 015491D117DAE4F400AC2AB5 /* libz.1.1.3.dylib */; };
		015491D417DAE4FB00AC2AB5 /* MobileCoreServices.framework in Frameworks */ = {isa = PBXBuildFile; fileRef = 015491D317DAE4FB00AC2AB5 /* MobileCoreServices.framework */; };
		015491D617DAE50300AC2AB5 /* QuartzCore.framework in Frameworks */ = {isa = PBXBuildFile; fileRef = 015491D517DAE50300AC2AB5 /* QuartzCore.framework */; };
		015491D817DAE50700AC2AB5 /* Security.framework in Frameworks */ = {isa = PBXBuildFile; fileRef = 015491D717DAE50700AC2AB5 /* Security.framework */; };
		015491DA17DAE50B00AC2AB5 /* StoreKit.framework in Frameworks */ = {isa = PBXBuildFile; fileRef = 015491D917DAE50B00AC2AB5 /* StoreKit.framework */; };
		015491DC17DAE51100AC2AB5 /* SystemConfiguration.framework in Frameworks */ = {isa = PBXBuildFile; fileRef = 015491DB17DAE51100AC2AB5 /* SystemConfiguration.framework */; };
		015491E017DAF13600AC2AB5 /* SignupViewController.m in Sources */ = {isa = PBXBuildFile; fileRef = 015491DF17DAF13600AC2AB5 /* SignupViewController.m */; };
		015491EB17DBC67A00AC2AB5 /* PillCell.m in Sources */ = {isa = PBXBuildFile; fileRef = 015491EA17DBC67A00AC2AB5 /* PillCell.m */; };
		015491EF17DBC6BF00AC2AB5 /* PillCell.xib in Resources */ = {isa = PBXBuildFile; fileRef = 015491EE17DBC6BF00AC2AB5 /* PillCell.xib */; };
		015491F117DBCBF800AC2AB5 /* pill.png in Resources */ = {isa = PBXBuildFile; fileRef = 015491F017DBCBF800AC2AB5 /* pill.png */; };
		015491F317DBCCAE00AC2AB5 /* pill3.png in Resources */ = {isa = PBXBuildFile; fileRef = 015491F217DBCCAE00AC2AB5 /* pill3.png */; };
		015491F517DBCD5800AC2AB5 /* pill2.png in Resources */ = {isa = PBXBuildFile; fileRef = 015491F417DBCD5800AC2AB5 /* pill2.png */; };
		015491F717DC20B600AC2AB5 /* knitting.png in Resources */ = {isa = PBXBuildFile; fileRef = 015491F617DC20B600AC2AB5 /* knitting.png */; };
		015491F917DC288400AC2AB5 /* elastoplast.png in Resources */ = {isa = PBXBuildFile; fileRef = 015491F817DC288400AC2AB5 /* elastoplast.png */; };
		015491FB17DC293200AC2AB5 /* dimension.png in Resources */ = {isa = PBXBuildFile; fileRef = 015491FA17DC293200AC2AB5 /* dimension.png */; };
		015491FD17DC293B00AC2AB5 /* hoffman.png in Resources */ = {isa = PBXBuildFile; fileRef = 015491FC17DC293B00AC2AB5 /* hoffman.png */; };
		015491FF17DC294300AC2AB5 /* brickwall.png in Resources */ = {isa = PBXBuildFile; fileRef = 015491FE17DC294200AC2AB5 /* brickwall.png */; };
		0154920317DC2A5D00AC2AB5 /* neutral.png in Resources */ = {isa = PBXBuildFile; fileRef = 0154920017DC2A5C00AC2AB5 /* neutral.png */; };
		0154920417DC2A5D00AC2AB5 /* straws.png in Resources */ = {isa = PBXBuildFile; fileRef = 0154920117DC2A5C00AC2AB5 /* straws.png */; };
		0154920517DC2A5D00AC2AB5 /* stripes.png in Resources */ = {isa = PBXBuildFile; fileRef = 0154920217DC2A5D00AC2AB5 /* stripes.png */; };
		0154920717DC324F00AC2AB5 /* plus-icon-white.png in Resources */ = {isa = PBXBuildFile; fileRef = 0154920617DC324E00AC2AB5 /* plus-icon-white.png */; };
		0154920A17DC35AF00AC2AB5 /* heart1.png in Resources */ = {isa = PBXBuildFile; fileRef = 0154920817DC35AE00AC2AB5 /* heart1.png */; };
		0154920B17DC35AF00AC2AB5 /* heart2.png in Resources */ = {isa = PBXBuildFile; fileRef = 0154920917DC35AF00AC2AB5 /* heart2.png */; };
		0154920E17DC35E800AC2AB5 /* LovedOneCell.m in Sources */ = {isa = PBXBuildFile; fileRef = 0154920D17DC35E800AC2AB5 /* LovedOneCell.m */; };
		0154921017DC35F800AC2AB5 /* LovedOneCell.xib in Resources */ = {isa = PBXBuildFile; fileRef = 0154920F17DC35F800AC2AB5 /* LovedOneCell.xib */; };
		0154921217DC3F0E00AC2AB5 /* back-icon-white.png in Resources */ = {isa = PBXBuildFile; fileRef = 0154921117DC3F0D00AC2AB5 /* back-icon-white.png */; };
		0154921517DC81E300AC2AB5 /* landline.png in Resources */ = {isa = PBXBuildFile; fileRef = 0154921317DC81E300AC2AB5 /* landline.png */; };
		0154921617DC81E300AC2AB5 /* message.png in Resources */ = {isa = PBXBuildFile; fileRef = 0154921417DC81E300AC2AB5 /* message.png */; };
/* End PBXBuildFile section */

/* Begin PBXFileReference section */
		0107CCB617D9344B00BA79AF /* blowfish.app */ = {isa = PBXFileReference; explicitFileType = wrapper.application; includeInIndex = 0; path = blowfish.app; sourceTree = BUILT_PRODUCTS_DIR; };
		0107CCB917D9344B00BA79AF /* UIKit.framework */ = {isa = PBXFileReference; lastKnownFileType = wrapper.framework; name = UIKit.framework; path = System/Library/Frameworks/UIKit.framework; sourceTree = SDKROOT; };
		0107CCBB17D9344B00BA79AF /* Foundation.framework */ = {isa = PBXFileReference; lastKnownFileType = wrapper.framework; name = Foundation.framework; path = System/Library/Frameworks/Foundation.framework; sourceTree = SDKROOT; };
		0107CCBD17D9344B00BA79AF /* CoreGraphics.framework */ = {isa = PBXFileReference; lastKnownFileType = wrapper.framework; name = CoreGraphics.framework; path = System/Library/Frameworks/CoreGraphics.framework; sourceTree = SDKROOT; };
		0107CCC117D9344B00BA79AF /* blowfish-Info.plist */ = {isa = PBXFileReference; lastKnownFileType = text.plist.xml; path = "blowfish-Info.plist"; sourceTree = "<group>"; };
		0107CCC317D9344B00BA79AF /* en */ = {isa = PBXFileReference; lastKnownFileType = text.plist.strings; name = en; path = en.lproj/InfoPlist.strings; sourceTree = "<group>"; };
		0107CCC517D9344B00BA79AF /* main.m */ = {isa = PBXFileReference; lastKnownFileType = sourcecode.c.objc; path = main.m; sourceTree = "<group>"; };
		0107CCC717D9344B00BA79AF /* blowfish-Prefix.pch */ = {isa = PBXFileReference; lastKnownFileType = sourcecode.c.h; path = "blowfish-Prefix.pch"; sourceTree = "<group>"; };
		0107CCC817D9344B00BA79AF /* AppDelegate.h */ = {isa = PBXFileReference; lastKnownFileType = sourcecode.c.h; path = AppDelegate.h; sourceTree = "<group>"; };
		0107CCC917D9344B00BA79AF /* AppDelegate.m */ = {isa = PBXFileReference; lastKnownFileType = sourcecode.c.objc; path = AppDelegate.m; sourceTree = "<group>"; };
		0107CCCB17D9344B00BA79AF /* Default.png */ = {isa = PBXFileReference; lastKnownFileType = image.png; path = Default.png; sourceTree = "<group>"; };
		0107CCCD17D9344B00BA79AF /* Default@2x.png */ = {isa = PBXFileReference; lastKnownFileType = image.png; path = "Default@2x.png"; sourceTree = "<group>"; };
		0107CCCF17D9344B00BA79AF /* Default-568h@2x.png */ = {isa = PBXFileReference; lastKnownFileType = image.png; path = "Default-568h@2x.png"; sourceTree = "<group>"; };
		0107CCD117D9344B00BA79AF /* LoginViewController.h */ = {isa = PBXFileReference; lastKnownFileType = sourcecode.c.h; path = LoginViewController.h; sourceTree = "<group>"; };
		0107CCD217D9344B00BA79AF /* LoginViewController.m */ = {isa = PBXFileReference; lastKnownFileType = sourcecode.c.objc; path = LoginViewController.m; sourceTree = "<group>"; };
		0107CCE217D9385A00BA79AF /* LovedOne.h */ = {isa = PBXFileReference; fileEncoding = 4; lastKnownFileType = sourcecode.c.h; path = LovedOne.h; sourceTree = "<group>"; };
		0107CCE317D9385A00BA79AF /* LovedOne.m */ = {isa = PBXFileReference; fileEncoding = 4; lastKnownFileType = sourcecode.c.objc; path = LovedOne.m; sourceTree = "<group>"; };
		013C99F317D9453E008F901B /* SplashViewController.h */ = {isa = PBXFileReference; fileEncoding = 4; lastKnownFileType = sourcecode.c.h; path = SplashViewController.h; sourceTree = "<group>"; };
		013C99F417D9453E008F901B /* SplashViewController.m */ = {isa = PBXFileReference; fileEncoding = 4; lastKnownFileType = sourcecode.c.objc; path = SplashViewController.m; sourceTree = "<group>"; };
		013C99F617D94580008F901B /* WeeklyViewController.h */ = {isa = PBXFileReference; fileEncoding = 4; lastKnownFileType = sourcecode.c.h; path = WeeklyViewController.h; sourceTree = "<group>"; };
		013C99F717D94580008F901B /* WeeklyViewController.m */ = {isa = PBXFileReference; fileEncoding = 4; lastKnownFileType = sourcecode.c.objc; path = WeeklyViewController.m; sourceTree = "<group>"; };
		015491C617DADDC800AC2AB5 /* Pill.h */ = {isa = PBXFileReference; fileEncoding = 4; lastKnownFileType = sourcecode.c.h; path = Pill.h; sourceTree = "<group>"; };
		015491C717DADDC800AC2AB5 /* Pill.m */ = {isa = PBXFileReference; fileEncoding = 4; lastKnownFileType = sourcecode.c.objc; path = Pill.m; sourceTree = "<group>"; };
		015491C917DAE4B800AC2AB5 /* Parse.framework */ = {isa = PBXFileReference; lastKnownFileType = wrapper.framework; path = Parse.framework; sourceTree = "<group>"; };
		015491CB17DAE4DF00AC2AB5 /* AudioToolbox.framework */ = {isa = PBXFileReference; lastKnownFileType = wrapper.framework; name = AudioToolbox.framework; path = System/Library/Frameworks/AudioToolbox.framework; sourceTree = SDKROOT; };
		015491CD17DAE4E300AC2AB5 /* CFNetwork.framework */ = {isa = PBXFileReference; lastKnownFileType = wrapper.framework; name = CFNetwork.framework; path = System/Library/Frameworks/CFNetwork.framework; sourceTree = SDKROOT; };
		015491CF17DAE4F000AC2AB5 /* CoreLocation.framework */ = {isa = PBXFileReference; lastKnownFileType = wrapper.framework; name = CoreLocation.framework; path = System/Library/Frameworks/CoreLocation.framework; sourceTree = SDKROOT; };
		015491D117DAE4F400AC2AB5 /* libz.1.1.3.dylib */ = {isa = PBXFileReference; lastKnownFileType = "compiled.mach-o.dylib"; name = libz.1.1.3.dylib; path = usr/lib/libz.1.1.3.dylib; sourceTree = SDKROOT; };
		015491D317DAE4FB00AC2AB5 /* MobileCoreServices.framework */ = {isa = PBXFileReference; lastKnownFileType = wrapper.framework; name = MobileCoreServices.framework; path = System/Library/Frameworks/MobileCoreServices.framework; sourceTree = SDKROOT; };
		015491D517DAE50300AC2AB5 /* QuartzCore.framework */ = {isa = PBXFileReference; lastKnownFileType = wrapper.framework; name = QuartzCore.framework; path = System/Library/Frameworks/QuartzCore.framework; sourceTree = SDKROOT; };
		015491D717DAE50700AC2AB5 /* Security.framework */ = {isa = PBXFileReference; lastKnownFileType = wrapper.framework; name = Security.framework; path = System/Library/Frameworks/Security.framework; sourceTree = SDKROOT; };
		015491D917DAE50B00AC2AB5 /* StoreKit.framework */ = {isa = PBXFileReference; lastKnownFileType = wrapper.framework; name = StoreKit.framework; path = System/Library/Frameworks/StoreKit.framework; sourceTree = SDKROOT; };
		015491DB17DAE51100AC2AB5 /* SystemConfiguration.framework */ = {isa = PBXFileReference; lastKnownFileType = wrapper.framework; name = SystemConfiguration.framework; path = System/Library/Frameworks/SystemConfiguration.framework; sourceTree = SDKROOT; };
		015491DE17DAF13600AC2AB5 /* SignupViewController.h */ = {isa = PBXFileReference; fileEncoding = 4; lastKnownFileType = sourcecode.c.h; path = SignupViewController.h; sourceTree = "<group>"; };
		015491DF17DAF13600AC2AB5 /* SignupViewController.m */ = {isa = PBXFileReference; fileEncoding = 4; lastKnownFileType = sourcecode.c.objc; path = SignupViewController.m; sourceTree = "<group>"; };
		015491E917DBC67A00AC2AB5 /* PillCell.h */ = {isa = PBXFileReference; fileEncoding = 4; lastKnownFileType = sourcecode.c.h; path = PillCell.h; sourceTree = "<group>"; };
		015491EA17DBC67A00AC2AB5 /* PillCell.m */ = {isa = PBXFileReference; fileEncoding = 4; lastKnownFileType = sourcecode.c.objc; path = PillCell.m; sourceTree = "<group>"; };
		015491EE17DBC6BF00AC2AB5 /* PillCell.xib */ = {isa = PBXFileReference; fileEncoding = 4; lastKnownFileType = file.xib; path = PillCell.xib; sourceTree = "<group>"; };
		015491F017DBCBF800AC2AB5 /* pill.png */ = {isa = PBXFileReference; lastKnownFileType = image.png; path = pill.png; sourceTree = "<group>"; };
		015491F217DBCCAE00AC2AB5 /* pill3.png */ = {isa = PBXFileReference; lastKnownFileType = image.png; path = pill3.png; sourceTree = "<group>"; };
		015491F417DBCD5800AC2AB5 /* pill2.png */ = {isa = PBXFileReference; lastKnownFileType = image.png; path = pill2.png; sourceTree = "<group>"; };
		015491F617DC20B600AC2AB5 /* knitting.png */ = {isa = PBXFileReference; lastKnownFileType = image.png; path = knitting.png; sourceTree = "<group>"; };
		015491F817DC288400AC2AB5 /* elastoplast.png */ = {isa = PBXFileReference; lastKnownFileType = image.png; path = elastoplast.png; sourceTree = "<group>"; };
		015491FA17DC293200AC2AB5 /* dimension.png */ = {isa = PBXFileReference; lastKnownFileType = image.png; path = dimension.png; sourceTree = "<group>"; };
		015491FC17DC293B00AC2AB5 /* hoffman.png */ = {isa = PBXFileReference; lastKnownFileType = image.png; path = hoffman.png; sourceTree = "<group>"; };
		015491FE17DC294200AC2AB5 /* brickwall.png */ = {isa = PBXFileReference; lastKnownFileType = image.png; path = brickwall.png; sourceTree = "<group>"; };
		0154920017DC2A5C00AC2AB5 /* neutral.png */ = {isa = PBXFileReference; lastKnownFileType = image.png; path = neutral.png; sourceTree = "<group>"; };
		0154920117DC2A5C00AC2AB5 /* straws.png */ = {isa = PBXFileReference; lastKnownFileType = image.png; path = straws.png; sourceTree = "<group>"; };
		0154920217DC2A5D00AC2AB5 /* stripes.png */ = {isa = PBXFileReference; lastKnownFileType = image.png; path = stripes.png; sourceTree = "<group>"; };
		0154920617DC324E00AC2AB5 /* plus-icon-white.png */ = {isa = PBXFileReference; lastKnownFileType = image.png; path = "plus-icon-white.png"; sourceTree = "<group>"; };
		0154920817DC35AE00AC2AB5 /* heart1.png */ = {isa = PBXFileReference; lastKnownFileType = image.png; path = heart1.png; sourceTree = "<group>"; };
		0154920917DC35AF00AC2AB5 /* heart2.png */ = {isa = PBXFileReference; lastKnownFileType = image.png; path = heart2.png; sourceTree = "<group>"; };
		0154920C17DC35E800AC2AB5 /* LovedOneCell.h */ = {isa = PBXFileReference; fileEncoding = 4; lastKnownFileType = sourcecode.c.h; path = LovedOneCell.h; sourceTree = "<group>"; };
		0154920D17DC35E800AC2AB5 /* LovedOneCell.m */ = {isa = PBXFileReference; fileEncoding = 4; lastKnownFileType = sourcecode.c.objc; path = LovedOneCell.m; sourceTree = "<group>"; };
		0154920F17DC35F800AC2AB5 /* LovedOneCell.xib */ = {isa = PBXFileReference; fileEncoding = 4; lastKnownFileType = file.xib; path = LovedOneCell.xib; sourceTree = "<group>"; };
		0154921117DC3F0D00AC2AB5 /* back-icon-white.png */ = {isa = PBXFileReference; lastKnownFileType = image.png; path = "back-icon-white.png"; sourceTree = "<group>"; };
		0154921317DC81E300AC2AB5 /* landline.png */ = {isa = PBXFileReference; lastKnownFileType = image.png; path = landline.png; sourceTree = "<group>"; };
		0154921417DC81E300AC2AB5 /* message.png */ = {isa = PBXFileReference; lastKnownFileType = image.png; path = message.png; sourceTree = "<group>"; };
/* End PBXFileReference section */

/* Begin PBXFrameworksBuildPhase section */
		0107CCB317D9344B00BA79AF /* Frameworks */ = {
			isa = PBXFrameworksBuildPhase;
			buildActionMask = 2147483647;
			files = (
				015491DC17DAE51100AC2AB5 /* SystemConfiguration.framework in Frameworks */,
				015491DA17DAE50B00AC2AB5 /* StoreKit.framework in Frameworks */,
				015491D817DAE50700AC2AB5 /* Security.framework in Frameworks */,
				015491D617DAE50300AC2AB5 /* QuartzCore.framework in Frameworks */,
				015491D417DAE4FB00AC2AB5 /* MobileCoreServices.framework in Frameworks */,
				015491D217DAE4F400AC2AB5 /* libz.1.1.3.dylib in Frameworks */,
				015491D017DAE4F000AC2AB5 /* CoreLocation.framework in Frameworks */,
				0107CCBE17D9344B00BA79AF /* CoreGraphics.framework in Frameworks */,
				015491CE17DAE4E300AC2AB5 /* CFNetwork.framework in Frameworks */,
				015491CC17DAE4DF00AC2AB5 /* AudioToolbox.framework in Frameworks */,
				0107CCBA17D9344B00BA79AF /* UIKit.framework in Frameworks */,
				0107CCBC17D9344B00BA79AF /* Foundation.framework in Frameworks */,
				015491CA17DAE4B800AC2AB5 /* Parse.framework in Frameworks */,
			);
			runOnlyForDeploymentPostprocessing = 0;
		};
/* End PBXFrameworksBuildPhase section */

/* Begin PBXGroup section */
		0107CCAD17D9344B00BA79AF = {
			isa = PBXGroup;
			children = (
				0107CCBF17D9344B00BA79AF /* blowfish */,
				0107CCB817D9344B00BA79AF /* Frameworks */,
				0107CCB717D9344B00BA79AF /* Products */,
			);
			sourceTree = "<group>";
		};
		0107CCB717D9344B00BA79AF /* Products */ = {
			isa = PBXGroup;
			children = (
				0107CCB617D9344B00BA79AF /* blowfish.app */,
			);
			name = Products;
			sourceTree = "<group>";
		};
		0107CCB817D9344B00BA79AF /* Frameworks */ = {
			isa = PBXGroup;
			children = (
				015491DB17DAE51100AC2AB5 /* SystemConfiguration.framework */,
				015491D917DAE50B00AC2AB5 /* StoreKit.framework */,
				015491D717DAE50700AC2AB5 /* Security.framework */,
				015491D517DAE50300AC2AB5 /* QuartzCore.framework */,
				015491D317DAE4FB00AC2AB5 /* MobileCoreServices.framework */,
				015491D117DAE4F400AC2AB5 /* libz.1.1.3.dylib */,
				015491CF17DAE4F000AC2AB5 /* CoreLocation.framework */,
				015491CD17DAE4E300AC2AB5 /* CFNetwork.framework */,
				015491CB17DAE4DF00AC2AB5 /* AudioToolbox.framework */,
				015491C917DAE4B800AC2AB5 /* Parse.framework */,
				0107CCB917D9344B00BA79AF /* UIKit.framework */,
				0107CCBB17D9344B00BA79AF /* Foundation.framework */,
				0107CCBD17D9344B00BA79AF /* CoreGraphics.framework */,
			);
			name = Frameworks;
			sourceTree = "<group>";
		};
		0107CCBF17D9344B00BA79AF /* blowfish */ = {
			isa = PBXGroup;
			children = (
				0107CCC817D9344B00BA79AF /* AppDelegate.h */,
				0107CCC917D9344B00BA79AF /* AppDelegate.m */,
				015491ED17DBC69500AC2AB5 /* Controllers */,
				013C99F217D93DE8008F901B /* Data Model */,
				015491EC17DBC68200AC2AB5 /* Cell */,
				015491E217DB261C00AC2AB5 /* Resources */,
				0107CCC017D9344B00BA79AF /* Supporting Files */,
			);
			path = blowfish;
			sourceTree = "<group>";
		};
		0107CCC017D9344B00BA79AF /* Supporting Files */ = {
			isa = PBXGroup;
			children = (
				0107CCC117D9344B00BA79AF /* blowfish-Info.plist */,
				0107CCC217D9344B00BA79AF /* InfoPlist.strings */,
				0107CCC517D9344B00BA79AF /* main.m */,
				0107CCC717D9344B00BA79AF /* blowfish-Prefix.pch */,
				0107CCCB17D9344B00BA79AF /* Default.png */,
				0107CCCD17D9344B00BA79AF /* Default@2x.png */,
				0107CCCF17D9344B00BA79AF /* Default-568h@2x.png */,
			);
			name = "Supporting Files";
			sourceTree = "<group>";
		};
		013C99F217D93DE8008F901B /* Data Model */ = {
			isa = PBXGroup;
			children = (
				0107CCE217D9385A00BA79AF /* LovedOne.h */,
				0107CCE317D9385A00BA79AF /* LovedOne.m */,
				015491C617DADDC800AC2AB5 /* Pill.h */,
				015491C717DADDC800AC2AB5 /* Pill.m */,
			);
			name = "Data Model";
			sourceTree = "<group>";
		};
		015491E217DB261C00AC2AB5 /* Resources */ = {
			isa = PBXGroup;
			children = (
				0154921317DC81E300AC2AB5 /* landline.png */,
				0154921417DC81E300AC2AB5 /* message.png */,
				0154920817DC35AE00AC2AB5 /* heart1.png */,
				0154920917DC35AF00AC2AB5 /* heart2.png */,
				0154920017DC2A5C00AC2AB5 /* neutral.png */,
				0154920117DC2A5C00AC2AB5 /* straws.png */,
				0154920217DC2A5D00AC2AB5 /* stripes.png */,
				015491FE17DC294200AC2AB5 /* brickwall.png */,
				015491FC17DC293B00AC2AB5 /* hoffman.png */,
				015491FA17DC293200AC2AB5 /* dimension.png */,
				015491F817DC288400AC2AB5 /* elastoplast.png */,
				015491F617DC20B600AC2AB5 /* knitting.png */,
				015491F017DBCBF800AC2AB5 /* pill.png */,
				015491F417DBCD5800AC2AB5 /* pill2.png */,
				015491F217DBCCAE00AC2AB5 /* pill3.png */,
				0154920617DC324E00AC2AB5 /* plus-icon-white.png */,
				0154921117DC3F0D00AC2AB5 /* back-icon-white.png */,
			);
			name = Resources;
			sourceTree = "<group>";
		};
		015491EC17DBC68200AC2AB5 /* Cell */ = {
			isa = PBXGroup;
			children = (
				015491E917DBC67A00AC2AB5 /* PillCell.h */,
				015491EA17DBC67A00AC2AB5 /* PillCell.m */,
				015491EE17DBC6BF00AC2AB5 /* PillCell.xib */,
				0154920C17DC35E800AC2AB5 /* LovedOneCell.h */,
				0154920D17DC35E800AC2AB5 /* LovedOneCell.m */,
				0154920F17DC35F800AC2AB5 /* LovedOneCell.xib */,
			);
			name = Cell;
			sourceTree = "<group>";
		};
		015491ED17DBC69500AC2AB5 /* Controllers */ = {
			isa = PBXGroup;
			children = (
				0107CCD117D9344B00BA79AF /* LoginViewController.h */,
				0107CCD217D9344B00BA79AF /* LoginViewController.m */,
				015491DE17DAF13600AC2AB5 /* SignupViewController.h */,
				015491DF17DAF13600AC2AB5 /* SignupViewController.m */,
				013C99F317D9453E008F901B /* SplashViewController.h */,
				013C99F417D9453E008F901B /* SplashViewController.m */,
				013C99F617D94580008F901B /* WeeklyViewController.h */,
				013C99F717D94580008F901B /* WeeklyViewController.m */,
			);
			name = Controllers;
			sourceTree = "<group>";
		};
/* End PBXGroup section */

/* Begin PBXNativeTarget section */
		0107CCB517D9344B00BA79AF /* blowfish */ = {
			isa = PBXNativeTarget;
			buildConfigurationList = 0107CCD917D9344B00BA79AF /* Build configuration list for PBXNativeTarget "blowfish" */;
			buildPhases = (
				0107CCB217D9344B00BA79AF /* Sources */,
				0107CCB317D9344B00BA79AF /* Frameworks */,
				0107CCB417D9344B00BA79AF /* Resources */,
			);
			buildRules = (
			);
			dependencies = (
			);
			name = blowfish;
			productName = blowfish;
			productReference = 0107CCB617D9344B00BA79AF /* blowfish.app */;
			productType = "com.apple.product-type.application";
		};
/* End PBXNativeTarget section */

/* Begin PBXProject section */
		0107CCAE17D9344B00BA79AF /* Project object */ = {
			isa = PBXProject;
			attributes = {
				LastUpgradeCheck = 0460;
				ORGANIZATIONNAME = "Jeff Grimes";
			};
			buildConfigurationList = 0107CCB117D9344B00BA79AF /* Build configuration list for PBXProject "blowfish" */;
			compatibilityVersion = "Xcode 3.2";
			developmentRegion = English;
			hasScannedForEncodings = 0;
			knownRegions = (
				en,
			);
			mainGroup = 0107CCAD17D9344B00BA79AF;
			productRefGroup = 0107CCB717D9344B00BA79AF /* Products */;
			projectDirPath = "";
			projectRoot = "";
			targets = (
				0107CCB517D9344B00BA79AF /* blowfish */,
			);
		};
/* End PBXProject section */

/* Begin PBXResourcesBuildPhase section */
		0107CCB417D9344B00BA79AF /* Resources */ = {
			isa = PBXResourcesBuildPhase;
			buildActionMask = 2147483647;
			files = (
				0107CCC417D9344B00BA79AF /* InfoPlist.strings in Resources */,
				0107CCCC17D9344B00BA79AF /* Default.png in Resources */,
				0107CCCE17D9344B00BA79AF /* Default@2x.png in Resources */,
				0107CCD017D9344B00BA79AF /* Default-568h@2x.png in Resources */,
				015491EF17DBC6BF00AC2AB5 /* PillCell.xib in Resources */,
				015491F117DBCBF800AC2AB5 /* pill.png in Resources */,
				015491F317DBCCAE00AC2AB5 /* pill3.png in Resources */,
				015491F517DBCD5800AC2AB5 /* pill2.png in Resources */,
				015491F717DC20B600AC2AB5 /* knitting.png in Resources */,
				015491F917DC288400AC2AB5 /* elastoplast.png in Resources */,
				015491FB17DC293200AC2AB5 /* dimension.png in Resources */,
				015491FD17DC293B00AC2AB5 /* hoffman.png in Resources */,
				015491FF17DC294300AC2AB5 /* brickwall.png in Resources */,
				0154920317DC2A5D00AC2AB5 /* neutral.png in Resources */,
				0154920417DC2A5D00AC2AB5 /* straws.png in Resources */,
				0154920517DC2A5D00AC2AB5 /* stripes.png in Resources */,
				0154920717DC324F00AC2AB5 /* plus-icon-white.png in Resources */,
				0154920A17DC35AF00AC2AB5 /* heart1.png in Resources */,
				0154920B17DC35AF00AC2AB5 /* heart2.png in Resources */,
				0154921017DC35F800AC2AB5 /* LovedOneCell.xib in Resources */,
				0154921217DC3F0E00AC2AB5 /* back-icon-white.png in Resources */,
				0154921517DC81E300AC2AB5 /* landline.png in Resources */,
				0154921617DC81E300AC2AB5 /* message.png in Resources */,
			);
			runOnlyForDeploymentPostprocessing = 0;
		};
/* End PBXResourcesBuildPhase section */

/* Begin PBXSourcesBuildPhase section */
		0107CCB217D9344B00BA79AF /* Sources */ = {
			isa = PBXSourcesBuildPhase;
			buildActionMask = 2147483647;
			files = (
				0107CCC617D9344B00BA79AF /* main.m in Sources */,
				0107CCCA17D9344B00BA79AF /* AppDelegate.m in Sources */,
				0107CCD317D9344B00BA79AF /* LoginViewController.m in Sources */,
				0107CCE417D9385A00BA79AF /* LovedOne.m in Sources */,
				013C99F517D9453E008F901B /* SplashViewController.m in Sources */,
				013C99F817D94580008F901B /* WeeklyViewController.m in Sources */,
				015491C817DADDC800AC2AB5 /* Pill.m in Sources */,
				015491E017DAF13600AC2AB5 /* SignupViewController.m in Sources */,
				015491EB17DBC67A00AC2AB5 /* PillCell.m in Sources */,
				0154920E17DC35E800AC2AB5 /* LovedOneCell.m in Sources */,
			);
			runOnlyForDeploymentPostprocessing = 0;
		};
/* End PBXSourcesBuildPhase section */

/* Begin PBXVariantGroup section */
		0107CCC217D9344B00BA79AF /* InfoPlist.strings */ = {
			isa = PBXVariantGroup;
			children = (
				0107CCC317D9344B00BA79AF /* en */,
			);
			name = InfoPlist.strings;
			sourceTree = "<group>";
		};
/* End PBXVariantGroup section */

/* Begin XCBuildConfiguration section */
		0107CCD717D9344B00BA79AF /* Debug */ = {
			isa = XCBuildConfiguration;
			buildSettings = {
				ALWAYS_SEARCH_USER_PATHS = NO;
				CLANG_CXX_LANGUAGE_STANDARD = "gnu++0x";
				CLANG_CXX_LIBRARY = "libc++";
				CLANG_ENABLE_OBJC_ARC = YES;
				CLANG_WARN_CONSTANT_CONVERSION = YES;
				CLANG_WARN_EMPTY_BODY = YES;
				CLANG_WARN_ENUM_CONVERSION = YES;
				CLANG_WARN_INT_CONVERSION = YES;
				CLANG_WARN__DUPLICATE_METHOD_MATCH = YES;
				"CODE_SIGN_IDENTITY[sdk=iphoneos*]" = "iPhone Developer";
				COPY_PHASE_STRIP = NO;
				GCC_C_LANGUAGE_STANDARD = gnu99;
				GCC_DYNAMIC_NO_PIC = NO;
				GCC_OPTIMIZATION_LEVEL = 0;
				GCC_PREPROCESSOR_DEFINITIONS = (
					"DEBUG=1",
					"$(inherited)",
				);
				GCC_SYMBOLS_PRIVATE_EXTERN = NO;
				GCC_WARN_ABOUT_RETURN_TYPE = YES;
				GCC_WARN_UNINITIALIZED_AUTOS = YES;
				GCC_WARN_UNUSED_VARIABLE = YES;
				IPHONEOS_DEPLOYMENT_TARGET = 6.1;
				ONLY_ACTIVE_ARCH = YES;
				SDKROOT = iphoneos;
			};
			name = Debug;
		};
		0107CCD817D9344B00BA79AF /* Release */ = {
			isa = XCBuildConfiguration;
			buildSettings = {
				ALWAYS_SEARCH_USER_PATHS = NO;
				CLANG_CXX_LANGUAGE_STANDARD = "gnu++0x";
				CLANG_CXX_LIBRARY = "libc++";
				CLANG_ENABLE_OBJC_ARC = YES;
				CLANG_WARN_CONSTANT_CONVERSION = YES;
				CLANG_WARN_EMPTY_BODY = YES;
				CLANG_WARN_ENUM_CONVERSION = YES;
				CLANG_WARN_INT_CONVERSION = YES;
				CLANG_WARN__DUPLICATE_METHOD_MATCH = YES;
				"CODE_SIGN_IDENTITY[sdk=iphoneos*]" = "iPhone Developer";
				COPY_PHASE_STRIP = YES;
				GCC_C_LANGUAGE_STANDARD = gnu99;
				GCC_WARN_ABOUT_RETURN_TYPE = YES;
				GCC_WARN_UNINITIALIZED_AUTOS = YES;
				GCC_WARN_UNUSED_VARIABLE = YES;
				IPHONEOS_DEPLOYMENT_TARGET = 6.1;
				OTHER_CFLAGS = "-DNS_BLOCK_ASSERTIONS=1";
				SDKROOT = iphoneos;
				VALIDATE_PRODUCT = YES;
			};
			name = Release;
		};
		0107CCDA17D9344B00BA79AF /* Debug */ = {
			isa = XCBuildConfiguration;
			buildSettings = {
				FRAMEWORK_SEARCH_PATHS = (
					"$(inherited)",
					"\"$(SRCROOT)\"",
				);
				GCC_PRECOMPILE_PREFIX_HEADER = YES;
				GCC_PREFIX_HEADER = "blowfish/blowfish-Prefix.pch";
				INFOPLIST_FILE = "blowfish/blowfish-Info.plist";
				PRODUCT_NAME = "$(TARGET_NAME)";
				WRAPPER_EXTENSION = app;
			};
			name = Debug;
		};
		0107CCDB17D9344B00BA79AF /* Release */ = {
			isa = XCBuildConfiguration;
			buildSettings = {
				FRAMEWORK_SEARCH_PATHS = (
					"$(inherited)",
					"\"$(SRCROOT)\"",
				);
				GCC_PRECOMPILE_PREFIX_HEADER = YES;
				GCC_PREFIX_HEADER = "blowfish/blowfish-Prefix.pch";
				INFOPLIST_FILE = "blowfish/blowfish-Info.plist";
				PRODUCT_NAME = "$(TARGET_NAME)";
				WRAPPER_EXTENSION = app;
			};
			name = Release;
		};
/* End XCBuildConfiguration section */

/* Begin XCConfigurationList section */
		0107CCB117D9344B00BA79AF /* Build configuration list for PBXProject "blowfish" */ = {
			isa = XCConfigurationList;
			buildConfigurations = (
				0107CCD717D9344B00BA79AF /* Debug */,
				0107CCD817D9344B00BA79AF /* Release */,
			);
			defaultConfigurationIsVisible = 0;
			defaultConfigurationName = Release;
		};
		0107CCD917D9344B00BA79AF /* Build configuration list for PBXNativeTarget "blowfish" */ = {
			isa = XCConfigurationList;
			buildConfigurations = (
				0107CCDA17D9344B00BA79AF /* Debug */,
				0107CCDB17D9344B00BA79AF /* Release */,
			);
			defaultConfigurationIsVisible = 0;
			defaultConfigurationName = Release;
		};
/* End XCConfigurationList section */
	};
	rootObject = 0107CCAE17D9344B00BA79AF /* Project object */;
}
